github.com/klausbreyer/grr v0.0.0-20230724195518-f648daab9fdc h1:72ZNxz/kD+E7LjZOPtyasEBi3QTrMNlWHX6dZewjiME=
github.com/klausbreyer/grr v0.0.0-20230724195518-f648daab9fdc/go.mod h1:xn/DSDJRtqSvUnQ7kPdeRu9NkMzGj1imukLTA7ruUoU=
github.com/klausbreyer/grr v0.0.1 h1:mFi2D0NbkkbEuSZAhkC9/cLsj9rgxgYF8zVRE9+jmoE=
github.com/klausbreyer/grr v0.0.1/go.mod h1:xn/DSDJRtqSvUnQ7kPdeRu9NkMzGj1imukLTA7ruUoU=
github.com/klausbreyer/grr v0.0.2 h1:k/rKV7djS6bz/LyOOgHLVqIlUOUL4QD6Ddo9j/sdN5I=
github.com/klausbreyer/grr v0.0.2/go.mod h1:xn/DSDJRtqSvUnQ7kPdeRu9NkMzGj1imukLTA7ruUoU=
